
Microsoft Visual Studio Solution File, Format Version 12.00
# Visual Studio Version 17
VisualStudioVersion = 17.2.32616.157
MinimumVisualStudioVersion = 10.0.40219.1
Project("{FAE04EC0-301F-11D3-BF4B-00C04F79EFBC}") = "req", "req.csproj", "{5168C385-39E6-4550-AAC2-1F1774F99711}"
EndProject
Global
	GlobalSection(SolutionConfigurationPlatforms) = preSolution
		Debug|Any CPU = Debug|Any CPU
		Release|Any CPU = Release|Any CPU
	EndGlobalSection
	GlobalSection(ProjectConfigurationPlatforms) = postSolution
		{5168C385-39E6-4550-AAC2-1F1774F99711}.Debug|Any CPU.ActiveCfg = Debug|Any CPU
		{5168C385-39E6-4550-AAC2-1F1774F99711}.Debug|Any CPU.Build.0 = Debug|Any CPU
		{5168C385-39E6-4550-AAC2-1F1774F99711}.Release|Any CPU.ActiveCfg = Release|Any CPU
		{5168C385-39E6-4550-AAC2-1F1774F99711}.Release|Any CPU.Build.0 = Release|Any CPU
	EndGlobalSection
	GlobalSection(SolutionProperties) = preSolution
		HideSolutionNode = FALSE
	EndGlobalSection
	GlobalSection(ExtensibilityGlobals) = postSolution
		SolutionGuid = {AC8C75EE-B9F0-4F6C-B94E-26BF8527FBCC}
	EndGlobalSection
EndGlobal
